# This file was autogenerated by Stack.
# You should not edit this file by hand.
# For more information, please see the documentation at:
#   https://docs.haskellstack.org/en/stable/lock_files

packages:
- completed:
    hackage: argon2-1.3.0.1@sha256:e7771caf255929453c7cebfed0809617c51428d1c1b22f207c80b8711b792d78,4592
    pantry-tree:
      size: 1675
      sha256: 501240ac7951f2fe6f322cf08de7a8eb0cc1c65d649b988b59df710550b42ab0
  original:
    hackage: argon2-1.3.0.1
- completed:
    hackage: crypto-rng-0.1.1.0@sha256:5afa477e58afda268a78ddd578949a7ca347e25fe194b6033bf4a403b169a696,1493
    pantry-tree:
      size: 390
      sha256: 2595bf0394dffb66ebfc97a3df60e53a3a61a7f33fe7a4bf18953b6549823a2c
  original:
    hackage: crypto-rng-0.1.1.0
- completed:
    hackage: directory-1.3.4.0@sha256:500019f04494324d1df16cf83eefeb3f809b2b20b32a32ccd755ee0439c18bfd,2829
    pantry-tree:
      size: 3365
      sha256: 00c09e0c014d29ebfb921b64c1459e61a0ad6f10e70128d795246a47c06394b0
  original:
    hackage: directory-1.3.4.0
- completed:
    hackage: DRBG-0.5.5@sha256:3b8040bed356e2b63927a27fb6d5adbd19d70c9e1d1bb66111bbeb33e56900eb,2259
    pantry-tree:
      size: 896
      sha256: 586ee2257b255cb7f2a3663711199f9de9e70445ce7cb192f5af07dd66eadac2
  original:
    hackage: DRBG-0.5.5
- completed:
    hackage: morpheus-graphql-0.8.0@sha256:4971cec4de9c5e49b9b2c82e371ceae0579b7a5a9fa6c81f3df81856e8cc4dde,24172
    pantry-tree:
      size: 35408
      sha256: 94a33bcbaa593e93f871399ea792d0f1faacd005dccfa9eba1f67229e80e9fd9
  original:
    hackage: morpheus-graphql-0.8.0
- completed:
    hackage: non-empty-text-0.1.1@sha256:5c757d9b27c3ef61f1620613a5e105a870801ad1addef7ade62a2ca1798fea9f,1996
    pantry-tree:
      size: 347
      sha256: b0ae540112e158be055f66492a4a87d9fd3c661166d77339e174ea6fa570c728
  original:
    hackage: non-empty-text-0.1.1
- completed:
    hackage: process-1.6.7.0@sha256:305bcf44c42a96425e77af1748183f505a701648f68cc299d5ad8ac1b866a6a1,2468
    pantry-tree:
      size: 1211
      sha256: 49c3e531d2473fe455c1cde655f074a320fa4ec8569d650262bf382f9c5796fb
  original:
    hackage: process-1.6.7.0
- completed:
    hackage: time-1.9.3@sha256:8f1b5448722a12a952248b356c9eb366e351226543d9086a2da71270522d5f45,5679
    pantry-tree:
      size: 6558
      sha256: a1043c1719491764f0fa37a1fd70d9451080548a41632fee88d8e1b8db4942d6
  original:
    hackage: time-1.9.3
- completed:
    hackage: unix-2.7.2.2@sha256:e69269a17b9fa26cb77f3f55e86c39d0a4940ccfa0c4bc20826919d2572076ad,3496
    pantry-tree:
      size: 3536
      sha256: c355f7924ce67e5bf8f20767462af18f09b8c0d1f7161117221cbb94c15deee3
  original:
    hackage: unix-2.7.2.2
- completed:
    hackage: xml-conduit-decode-1.0.0.0@sha256:52e272a0f0ffadc1cdf7c30a4c0841dc09bf69402be3c567e882c58daebff393,1853
    pantry-tree:
      size: 564
      sha256: 48f0696a55add0bd062932e24aa541e927d4071eb944e1023853ecdbedd65b5f
  original:
    hackage: xml-conduit-decode-1.0.0.0
snapshots:
- completed:
    size: 524789
    url: https://raw.githubusercontent.com/commercialhaskell/stackage-snapshots/master/lts/14/18.yaml
    sha256: 646be71223e08234131c6989912e6011e01b9767bc447b6d466a35e14360bdf2
  original: lts-14.18
